
Microsoft Visual Studio Solution File, Format Version 12.00
# Visual Studio Version 17
VisualStudioVersion = 17.9.34728.123
MinimumVisualStudioVersion = 10.0.40219.1
Project("{FAE04EC0-301F-11D3-BF4B-00C04F79EFBC}") = "SampleProjectforProgramming", "SampleProjectforProgramming\SampleProjectforProgramming.csproj", "{680A8AE8-72AF-4A45-B29F-F9CBBAA71D8F}"
EndProject
Global
	GlobalSection(SolutionConfigurationPlatforms) = preSolution
		Debug|Any CPU = Debug|Any CPU
		Release|Any CPU = Release|Any CPU
	EndGlobalSection
	GlobalSection(ProjectConfigurationPlatforms) = postSolution
		{680A8AE8-72AF-4A45-B29F-F9CBBAA71D8F}.Debug|Any CPU.ActiveCfg = Debug|Any CPU
		{680A8AE8-72AF-4A45-B29F-F9CBBAA71D8F}.Debug|Any CPU.Build.0 = Debug|Any CPU
		{680A8AE8-72AF-4A45-B29F-F9CBBAA71D8F}.Release|Any CPU.ActiveCfg = Release|Any CPU
		{680A8AE8-72AF-4A45-B29F-F9CBBAA71D8F}.Release|Any CPU.Build.0 = Release|Any CPU
	EndGlobalSection
	GlobalSection(SolutionProperties) = preSolution
		HideSolutionNode = FALSE
	EndGlobalSection
	GlobalSection(ExtensibilityGlobals) = postSolution
		SolutionGuid = {493BB75E-DB26-4327-8842-ABCE5DDA0AAD}
	EndGlobalSection
EndGlobal
